
Microsoft Visual Studio Solution File, Format Version 12.00
# Visual Studio Version 17
VisualStudioVersion = 17.0.32014.148
MinimumVisualStudioVersion = 10.0.40219.1
Project("{FAE04EC0-301F-11D3-BF4B-00C04F79EFBC}") = "Highest Prime Factor", "Highest Prime Factor\Highest Prime Factor.csproj", "{DF321C46-C51D-4065-8942-6EB62EC5CFB6}"
EndProject
Global
	GlobalSection(SolutionConfigurationPlatforms) = preSolution
		Debug|Any CPU = Debug|Any CPU
		Release|Any CPU = Release|Any CPU
	EndGlobalSection
	GlobalSection(ProjectConfigurationPlatforms) = postSolution
		{DF321C46-C51D-4065-8942-6EB62EC5CFB6}.Debug|Any CPU.ActiveCfg = Debug|Any CPU
		{DF321C46-C51D-4065-8942-6EB62EC5CFB6}.Debug|Any CPU.Build.0 = Debug|Any CPU
		{DF321C46-C51D-4065-8942-6EB62EC5CFB6}.Release|Any CPU.ActiveCfg = Release|Any CPU
		{DF321C46-C51D-4065-8942-6EB62EC5CFB6}.Release|Any CPU.Build.0 = Release|Any CPU
	EndGlobalSection
	GlobalSection(SolutionProperties) = preSolution
		HideSolutionNode = FALSE
	EndGlobalSection
	GlobalSection(ExtensibilityGlobals) = postSolution
		SolutionGuid = {B3ED088B-F029-42A7-A164-F2130EF3E919}
	EndGlobalSection
EndGlobal
