
Microsoft Visual Studio Solution File, Format Version 12.00
# Visual Studio 15
VisualStudioVersion = 15.0.27130.2020
MinimumVisualStudioVersion = 10.0.40219.1
Project("{FAE04EC0-301F-11D3-BF4B-00C04F79EFBC}") = "Port Scanner", "Port Scanner\Port Scanner.csproj", "{21AC0954-09E6-4061-8756-2A5BE1405858}"
EndProject
Global
	GlobalSection(SolutionConfigurationPlatforms) = preSolution
		Debug|Any CPU = Debug|Any CPU
		Release|Any CPU = Release|Any CPU
	EndGlobalSection
	GlobalSection(ProjectConfigurationPlatforms) = postSolution
		{21AC0954-09E6-4061-8756-2A5BE1405858}.Debug|Any CPU.ActiveCfg = Debug|Any CPU
		{21AC0954-09E6-4061-8756-2A5BE1405858}.Debug|Any CPU.Build.0 = Debug|Any CPU
		{21AC0954-09E6-4061-8756-2A5BE1405858}.Release|Any CPU.ActiveCfg = Release|Any CPU
		{21AC0954-09E6-4061-8756-2A5BE1405858}.Release|Any CPU.Build.0 = Release|Any CPU
	EndGlobalSection
	GlobalSection(SolutionProperties) = preSolution
		HideSolutionNode = FALSE
	EndGlobalSection
	GlobalSection(ExtensibilityGlobals) = postSolution
		SolutionGuid = {4327B855-FF6F-40AE-9996-F7479D80172D}
	EndGlobalSection
EndGlobal
