
Microsoft Visual Studio Solution File, Format Version 12.00
# Visual Studio 15
VisualStudioVersion = 15.0.27130.2020
MinimumVisualStudioVersion = 10.0.40219.1
Project("{FAE04EC0-301F-11D3-BF4B-00C04F79EFBC}") = "Text to Hex or Bin", "Text to Hex or Bin\Text to Hex or Bin.csproj", "{6EC63E1A-8934-47B1-8BE2-5BA7ABC17CB5}"
EndProject
Global
	GlobalSection(SolutionConfigurationPlatforms) = preSolution
		Debug|Any CPU = Debug|Any CPU
		Release|Any CPU = Release|Any CPU
	EndGlobalSection
	GlobalSection(ProjectConfigurationPlatforms) = postSolution
		{6EC63E1A-8934-47B1-8BE2-5BA7ABC17CB5}.Debug|Any CPU.ActiveCfg = Debug|Any CPU
		{6EC63E1A-8934-47B1-8BE2-5BA7ABC17CB5}.Debug|Any CPU.Build.0 = Debug|Any CPU
		{6EC63E1A-8934-47B1-8BE2-5BA7ABC17CB5}.Release|Any CPU.ActiveCfg = Release|Any CPU
		{6EC63E1A-8934-47B1-8BE2-5BA7ABC17CB5}.Release|Any CPU.Build.0 = Release|Any CPU
	EndGlobalSection
	GlobalSection(SolutionProperties) = preSolution
		HideSolutionNode = FALSE
	EndGlobalSection
	GlobalSection(ExtensibilityGlobals) = postSolution
		SolutionGuid = {A476471B-417F-4282-BBCE-6D90C9F8DA4A}
	EndGlobalSection
EndGlobal
