
Microsoft Visual Studio Solution File, Format Version 12.00
# Visual Studio 15
VisualStudioVersion = 15.0.27130.2020
MinimumVisualStudioVersion = 10.0.40219.1
Project("{FAE04EC0-301F-11D3-BF4B-00C04F79EFBC}") = "Password Generator", "Password Generator\Password Generator.csproj", "{C9129D90-AC0A-4652-97F1-9BB5ADE7896C}"
EndProject
Global
	GlobalSection(SolutionConfigurationPlatforms) = preSolution
		Debug|Any CPU = Debug|Any CPU
		Release|Any CPU = Release|Any CPU
	EndGlobalSection
	GlobalSection(ProjectConfigurationPlatforms) = postSolution
		{C9129D90-AC0A-4652-97F1-9BB5ADE7896C}.Debug|Any CPU.ActiveCfg = Debug|Any CPU
		{C9129D90-AC0A-4652-97F1-9BB5ADE7896C}.Debug|Any CPU.Build.0 = Debug|Any CPU
		{C9129D90-AC0A-4652-97F1-9BB5ADE7896C}.Release|Any CPU.ActiveCfg = Release|Any CPU
		{C9129D90-AC0A-4652-97F1-9BB5ADE7896C}.Release|Any CPU.Build.0 = Release|Any CPU
	EndGlobalSection
	GlobalSection(SolutionProperties) = preSolution
		HideSolutionNode = FALSE
	EndGlobalSection
	GlobalSection(ExtensibilityGlobals) = postSolution
		SolutionGuid = {BB8F634A-2E24-4680-A5DE-7E721A8EF066}
	EndGlobalSection
EndGlobal
